
Microsoft Visual Studio Solution File, Format Version 12.00
# Visual Studio Version 17
VisualStudioVersion = 17.2.32630.192
MinimumVisualStudioVersion = 10.0.40219.1
Project("{9A19103F-16F7-4668-BE54-9A1E7A4F7556}") = "FrankBot_API", "FrankBot_API\FrankBot_API.csproj", "{24E134CD-35A7-4CED-931F-424DA5F515CD}"
EndProject
Project("{9A19103F-16F7-4668-BE54-9A1E7A4F7556}") = "FrankBot", "..\Users\vitya\OneDrive\Рабочий стол\FrankBot\FrankBot\FrankBot.csproj", "{B8118F41-EAB1-4AB1-B54B-89D8F8EC9076}"
EndProject
Global
	GlobalSection(SolutionConfigurationPlatforms) = preSolution
		Debug|Any CPU = Debug|Any CPU
		Release|Any CPU = Release|Any CPU
	EndGlobalSection
	GlobalSection(ProjectConfigurationPlatforms) = postSolution
		{24E134CD-35A7-4CED-931F-424DA5F515CD}.Debug|Any CPU.ActiveCfg = Debug|Any CPU
		{24E134CD-35A7-4CED-931F-424DA5F515CD}.Debug|Any CPU.Build.0 = Debug|Any CPU
		{24E134CD-35A7-4CED-931F-424DA5F515CD}.Release|Any CPU.ActiveCfg = Release|Any CPU
		{24E134CD-35A7-4CED-931F-424DA5F515CD}.Release|Any CPU.Build.0 = Release|Any CPU
		{B8118F41-EAB1-4AB1-B54B-89D8F8EC9076}.Debug|Any CPU.ActiveCfg = Debug|Any CPU
		{B8118F41-EAB1-4AB1-B54B-89D8F8EC9076}.Debug|Any CPU.Build.0 = Debug|Any CPU
		{B8118F41-EAB1-4AB1-B54B-89D8F8EC9076}.Release|Any CPU.ActiveCfg = Release|Any CPU
		{B8118F41-EAB1-4AB1-B54B-89D8F8EC9076}.Release|Any CPU.Build.0 = Release|Any CPU
	EndGlobalSection
	GlobalSection(SolutionProperties) = preSolution
		HideSolutionNode = FALSE
	EndGlobalSection
	GlobalSection(ExtensibilityGlobals) = postSolution
		SolutionGuid = {68747136-9E35-49E7-A292-CB74BEB5549F}
	EndGlobalSection
EndGlobal
